
Microsoft Visual Studio Solution File, Format Version 12.00
# Visual Studio 2013
VisualStudioVersion = 12.0.21005.1
MinimumVisualStudioVersion = 10.0.40219.1
Project("{FAE04EC0-301F-11D3-BF4B-00C04F79EFBC}") = "FileServerSystem - Client", "FileServerSystem - Client\FileServerSystem - Client.csproj", "{578D6D24-FB52-4616-BEAA-98F39B9D0055}"
	ProjectSection(ProjectDependencies) = postProject
		{15B3E0D2-6217-493A-A690-158C497F5318} = {15B3E0D2-6217-493A-A690-158C497F5318}
	EndProjectSection
EndProject
Project("{FAE04EC0-301F-11D3-BF4B-00C04F79EFBC}") = "FileServerSystem - Server", "FileServerSystem - Server\FileServerSystem - Server.csproj", "{9D1C30F0-3951-46A5-88CD-EE0A1DCE7667}"
EndProject
Project("{FAE04EC0-301F-11D3-BF4B-00C04F79EFBC}") = "FileServerSystem.Tests", "FileServerSystem - Server.Tests\FileServerSystem.Tests.csproj", "{A3E4B8AE-8B43-4FAF-A288-7A64FBBCF5BA}"
EndProject
Project("{FAE04EC0-301F-11D3-BF4B-00C04F79EFBC}") = "UserManagementService", "UserManagementService\UserManagementService.csproj", "{15B3E0D2-6217-493A-A690-158C497F5318}"
EndProject
Global
	GlobalSection(SolutionConfigurationPlatforms) = preSolution
		Debug|Any CPU = Debug|Any CPU
		Release|Any CPU = Release|Any CPU
	EndGlobalSection
	GlobalSection(ProjectConfigurationPlatforms) = postSolution
		{578D6D24-FB52-4616-BEAA-98F39B9D0055}.Debug|Any CPU.ActiveCfg = Debug|Any CPU
		{578D6D24-FB52-4616-BEAA-98F39B9D0055}.Debug|Any CPU.Build.0 = Debug|Any CPU
		{578D6D24-FB52-4616-BEAA-98F39B9D0055}.Release|Any CPU.ActiveCfg = Release|Any CPU
		{578D6D24-FB52-4616-BEAA-98F39B9D0055}.Release|Any CPU.Build.0 = Release|Any CPU
		{9D1C30F0-3951-46A5-88CD-EE0A1DCE7667}.Debug|Any CPU.ActiveCfg = Debug|Any CPU
		{9D1C30F0-3951-46A5-88CD-EE0A1DCE7667}.Debug|Any CPU.Build.0 = Debug|Any CPU
		{9D1C30F0-3951-46A5-88CD-EE0A1DCE7667}.Release|Any CPU.ActiveCfg = Release|Any CPU
		{9D1C30F0-3951-46A5-88CD-EE0A1DCE7667}.Release|Any CPU.Build.0 = Release|Any CPU
		{A3E4B8AE-8B43-4FAF-A288-7A64FBBCF5BA}.Debug|Any CPU.ActiveCfg = Debug|Any CPU
		{A3E4B8AE-8B43-4FAF-A288-7A64FBBCF5BA}.Debug|Any CPU.Build.0 = Debug|Any CPU
		{A3E4B8AE-8B43-4FAF-A288-7A64FBBCF5BA}.Release|Any CPU.ActiveCfg = Release|Any CPU
		{A3E4B8AE-8B43-4FAF-A288-7A64FBBCF5BA}.Release|Any CPU.Build.0 = Release|Any CPU
		{15B3E0D2-6217-493A-A690-158C497F5318}.Debug|Any CPU.ActiveCfg = Debug|Any CPU
		{15B3E0D2-6217-493A-A690-158C497F5318}.Debug|Any CPU.Build.0 = Debug|Any CPU
		{15B3E0D2-6217-493A-A690-158C497F5318}.Release|Any CPU.ActiveCfg = Release|Any CPU
		{15B3E0D2-6217-493A-A690-158C497F5318}.Release|Any CPU.Build.0 = Release|Any CPU
	EndGlobalSection
	GlobalSection(SolutionProperties) = preSolution
		HideSolutionNode = FALSE
	EndGlobalSection
EndGlobal
